
Microsoft Visual Studio Solution File, Format Version 12.00
# Visual Studio Version 17
VisualStudioVersion = 17.3.32825.248
MinimumVisualStudioVersion = 10.0.40219.1
Project("{FAE04EC0-301F-11D3-BF4B-00C04F79EFBC}") = "ReactPeopleCars5-15.Web", "ReactPeopleCars5-15.Web\ReactPeopleCars5-15.Web.csproj", "{AB084396-A172-40F0-98DD-B45EF08929AD}"
EndProject
Project("{FAE04EC0-301F-11D3-BF4B-00C04F79EFBC}") = "ReactPeopleCars5-15.Data", "ReactPeopleCars5-15.Data\ReactPeopleCars5-15.Data.csproj", "{BF3F2D38-C36D-42E8-92DC-93A964C71B17}"
EndProject
Global
	GlobalSection(SolutionConfigurationPlatforms) = preSolution
		Debug|Any CPU = Debug|Any CPU
		Release|Any CPU = Release|Any CPU
	EndGlobalSection
	GlobalSection(ProjectConfigurationPlatforms) = postSolution
		{AB084396-A172-40F0-98DD-B45EF08929AD}.Debug|Any CPU.ActiveCfg = Debug|Any CPU
		{AB084396-A172-40F0-98DD-B45EF08929AD}.Debug|Any CPU.Build.0 = Debug|Any CPU
		{AB084396-A172-40F0-98DD-B45EF08929AD}.Release|Any CPU.ActiveCfg = Release|Any CPU
		{AB084396-A172-40F0-98DD-B45EF08929AD}.Release|Any CPU.Build.0 = Release|Any CPU
		{BF3F2D38-C36D-42E8-92DC-93A964C71B17}.Debug|Any CPU.ActiveCfg = Debug|Any CPU
		{BF3F2D38-C36D-42E8-92DC-93A964C71B17}.Debug|Any CPU.Build.0 = Debug|Any CPU
		{BF3F2D38-C36D-42E8-92DC-93A964C71B17}.Release|Any CPU.ActiveCfg = Release|Any CPU
		{BF3F2D38-C36D-42E8-92DC-93A964C71B17}.Release|Any CPU.Build.0 = Release|Any CPU
	EndGlobalSection
	GlobalSection(SolutionProperties) = preSolution
		HideSolutionNode = FALSE
	EndGlobalSection
	GlobalSection(ExtensibilityGlobals) = postSolution
		SolutionGuid = {76840EEE-51E1-4674-B408-E10C4D10C537}
	EndGlobalSection
EndGlobal
